
Microsoft Visual Studio Solution File, Format Version 12.00
# Visual Studio Version 17
VisualStudioVersion = 17.3.32901.215
MinimumVisualStudioVersion = 10.0.40219.1
Project("{9A19103F-16F7-4668-BE54-9A1E7A4F7556}") = "TradingEngineServer", "TradingEngineServer\TradingEngineServer.csproj", "{A7EBFF14-ED70-4C68-B7A4-E79C4C976B79}"
EndProject
Project("{9A19103F-16F7-4668-BE54-9A1E7A4F7556}") = "LoggingCS", "..\LoggingCS\LoggingCS.csproj", "{50BBF073-E764-4329-B8A6-F27A6A5EF162}"
EndProject
Project("{FAE04EC0-301F-11D3-BF4B-00C04F79EFBC}") = "InstrumentCS", "InstrumentCS\InstrumentCS.csproj", "{44CE1237-283A-4DBD-AC55-BD95534F4CCC}"
EndProject
Project("{FAE04EC0-301F-11D3-BF4B-00C04F79EFBC}") = "OrdersCS", "OrdersCS\OrdersCS.csproj", "{F206ED88-588B-4A65-A47D-2B9E3511CF5C}"
EndProject
Project("{FAE04EC0-301F-11D3-BF4B-00C04F79EFBC}") = "OrderBookCS", "OrderBookCS\OrderBookCS.csproj", "{A8C7AFFF-63C2-41E5-A02E-5FF0879F6978}"
EndProject
Global
	GlobalSection(SolutionConfigurationPlatforms) = preSolution
		Debug|Any CPU = Debug|Any CPU
		Release|Any CPU = Release|Any CPU
	EndGlobalSection
	GlobalSection(ProjectConfigurationPlatforms) = postSolution
		{A7EBFF14-ED70-4C68-B7A4-E79C4C976B79}.Debug|Any CPU.ActiveCfg = Debug|Any CPU
		{A7EBFF14-ED70-4C68-B7A4-E79C4C976B79}.Debug|Any CPU.Build.0 = Debug|Any CPU
		{A7EBFF14-ED70-4C68-B7A4-E79C4C976B79}.Release|Any CPU.ActiveCfg = Release|Any CPU
		{A7EBFF14-ED70-4C68-B7A4-E79C4C976B79}.Release|Any CPU.Build.0 = Release|Any CPU
		{50BBF073-E764-4329-B8A6-F27A6A5EF162}.Debug|Any CPU.ActiveCfg = Debug|Any CPU
		{50BBF073-E764-4329-B8A6-F27A6A5EF162}.Debug|Any CPU.Build.0 = Debug|Any CPU
		{50BBF073-E764-4329-B8A6-F27A6A5EF162}.Release|Any CPU.ActiveCfg = Release|Any CPU
		{50BBF073-E764-4329-B8A6-F27A6A5EF162}.Release|Any CPU.Build.0 = Release|Any CPU
		{44CE1237-283A-4DBD-AC55-BD95534F4CCC}.Debug|Any CPU.ActiveCfg = Debug|Any CPU
		{44CE1237-283A-4DBD-AC55-BD95534F4CCC}.Debug|Any CPU.Build.0 = Debug|Any CPU
		{44CE1237-283A-4DBD-AC55-BD95534F4CCC}.Release|Any CPU.ActiveCfg = Release|Any CPU
		{44CE1237-283A-4DBD-AC55-BD95534F4CCC}.Release|Any CPU.Build.0 = Release|Any CPU
		{F206ED88-588B-4A65-A47D-2B9E3511CF5C}.Debug|Any CPU.ActiveCfg = Debug|Any CPU
		{F206ED88-588B-4A65-A47D-2B9E3511CF5C}.Debug|Any CPU.Build.0 = Debug|Any CPU
		{F206ED88-588B-4A65-A47D-2B9E3511CF5C}.Release|Any CPU.ActiveCfg = Release|Any CPU
		{F206ED88-588B-4A65-A47D-2B9E3511CF5C}.Release|Any CPU.Build.0 = Release|Any CPU
		{A8C7AFFF-63C2-41E5-A02E-5FF0879F6978}.Debug|Any CPU.ActiveCfg = Debug|Any CPU
		{A8C7AFFF-63C2-41E5-A02E-5FF0879F6978}.Debug|Any CPU.Build.0 = Debug|Any CPU
		{A8C7AFFF-63C2-41E5-A02E-5FF0879F6978}.Release|Any CPU.ActiveCfg = Release|Any CPU
		{A8C7AFFF-63C2-41E5-A02E-5FF0879F6978}.Release|Any CPU.Build.0 = Release|Any CPU
	EndGlobalSection
	GlobalSection(SolutionProperties) = preSolution
		HideSolutionNode = FALSE
	EndGlobalSection
	GlobalSection(ExtensibilityGlobals) = postSolution
		SolutionGuid = {1D769D57-94CA-47E1-AEE9-79C36AD2A174}
	EndGlobalSection
EndGlobal
